// !$*UTF8*$!
{
	archiveVersion = 1;
	classes = {
	};
	objectVersion = 56;
	objects = {

/* Begin PBXBuildFile section */
		416D882F28F0AECC006908DD /* Contract.swift in Sources */ = {isa = PBXBuildFile; fileRef = 416D882E28F0AECC006908DD /* Contract.swift */; };
		41C8C23E28EA62D400EC0D0A /* Employee.swift in Sources */ = {isa = PBXBuildFile; fileRef = 41C8C23D28EA62D400EC0D0A /* Employee.swift */; };
		41C8C24028EA62F400EC0D0A /* Vehicle.swift in Sources */ = {isa = PBXBuildFile; fileRef = 41C8C23F28EA62F400EC0D0A /* Vehicle.swift */; };
		41C8C24228EA639500EC0D0A /* Tester.swift in Sources */ = {isa = PBXBuildFile; fileRef = 41C8C24128EA639500EC0D0A /* Tester.swift */; };
		41C8C24428EA63A400EC0D0A /* Manager.swift in Sources */ = {isa = PBXBuildFile; fileRef = 41C8C24328EA63A400EC0D0A /* Manager.swift */; };
		41C8C24628EA63B000EC0D0A /* Programmer.swift in Sources */ = {isa = PBXBuildFile; fileRef = 41C8C24528EA63B000EC0D0A /* Programmer.swift */; };
		41C8C24828EA63BA00EC0D0A /* Car.swift in Sources */ = {isa = PBXBuildFile; fileRef = 41C8C24728EA63BA00EC0D0A /* Car.swift */; };
		41C8C24A28EA63CC00EC0D0A /* Motorcycle.swift in Sources */ = {isa = PBXBuildFile; fileRef = 41C8C24928EA63CC00EC0D0A /* Motorcycle.swift */; };
		41C8C24C28EA63D600EC0D0A /* Temporary.swift in Sources */ = {isa = PBXBuildFile; fileRef = 41C8C24B28EA63D600EC0D0A /* Temporary.swift */; };
		41C8C24E28EA63F400EC0D0A /* Permanent.swift in Sources */ = {isa = PBXBuildFile; fileRef = 41C8C24D28EA63F400EC0D0A /* Permanent.swift */; };
		99A4D18028F0C56D00AC5D2D /* main.swift in Sources */ = {isa = PBXBuildFile; fileRef = 99A4D17F28F0C56D00AC5D2D /* main.swift */; };
		99A4D18228F0C57D00AC5D2D /* management.swift in Sources */ = {isa = PBXBuildFile; fileRef = 99A4D18128F0C57D00AC5D2D /* management.swift */; };
/* End PBXBuildFile section */

/* Begin PBXCopyFilesBuildPhase section */
		4124ED6928EA414B00E11E46 /* CopyFiles */ = {
			isa = PBXCopyFilesBuildPhase;
			buildActionMask = 2147483647;
			dstPath = /usr/share/man/man1/;
			dstSubfolderSpec = 0;
			files = (
			);
			runOnlyForDeploymentPostprocessing = 1;
		};
/* End PBXCopyFilesBuildPhase section */

/* Begin PBXFileReference section */
		4124ED6B28EA414B00E11E46 /* MAD3004_TeamMaple */ = {isa = PBXFileReference; explicitFileType = "compiled.mach-o.executable"; includeInIndex = 0; path = MAD3004_TeamMaple; sourceTree = BUILT_PRODUCTS_DIR; };
		416D882E28F0AECC006908DD /* Contract.swift */ = {isa = PBXFileReference; lastKnownFileType = sourcecode.swift; path = Contract.swift; sourceTree = "<group>"; };
		41C8C23D28EA62D400EC0D0A /* Employee.swift */ = {isa = PBXFileReference; lastKnownFileType = sourcecode.swift; path = Employee.swift; sourceTree = "<group>"; };
		41C8C23F28EA62F400EC0D0A /* Vehicle.swift */ = {isa = PBXFileReference; lastKnownFileType = sourcecode.swift; path = Vehicle.swift; sourceTree = "<group>"; };
		41C8C24128EA639500EC0D0A /* Tester.swift */ = {isa = PBXFileReference; lastKnownFileType = sourcecode.swift; path = Tester.swift; sourceTree = "<group>"; };
		41C8C24328EA63A400EC0D0A /* Manager.swift */ = {isa = PBXFileReference; lastKnownFileType = sourcecode.swift; path = Manager.swift; sourceTree = "<group>"; };
		41C8C24528EA63B000EC0D0A /* Programmer.swift */ = {isa = PBXFileReference; lastKnownFileType = sourcecode.swift; path = Programmer.swift; sourceTree = "<group>"; };
		41C8C24728EA63BA00EC0D0A /* Car.swift */ = {isa = PBXFileReference; lastKnownFileType = sourcecode.swift; path = Car.swift; sourceTree = "<group>"; };
		41C8C24928EA63CC00EC0D0A /* Motorcycle.swift */ = {isa = PBXFileReference; lastKnownFileType = sourcecode.swift; path = Motorcycle.swift; sourceTree = "<group>"; };
		41C8C24B28EA63D600EC0D0A /* Temporary.swift */ = {isa = PBXFileReference; lastKnownFileType = sourcecode.swift; path = Temporary.swift; sourceTree = "<group>"; };
		41C8C24D28EA63F400EC0D0A /* Permanent.swift */ = {isa = PBXFileReference; lastKnownFileType = sourcecode.swift; path = Permanent.swift; sourceTree = "<group>"; };
		99A4D17F28F0C56D00AC5D2D /* main.swift */ = {isa = PBXFileReference; lastKnownFileType = sourcecode.swift; path = main.swift; sourceTree = "<group>"; };
		99A4D18128F0C57D00AC5D2D /* management.swift */ = {isa = PBXFileReference; lastKnownFileType = sourcecode.swift; path = management.swift; sourceTree = "<group>"; };
/* End PBXFileReference section */

/* Begin PBXFrameworksBuildPhase section */
		4124ED6828EA414B00E11E46 /* Frameworks */ = {
			isa = PBXFrameworksBuildPhase;
			buildActionMask = 2147483647;
			files = (
			);
			runOnlyForDeploymentPostprocessing = 0;
		};
/* End PBXFrameworksBuildPhase section */

/* Begin PBXGroup section */
		4124ED6228EA414B00E11E46 = {
			isa = PBXGroup;
			children = (
				4124ED6D28EA414B00E11E46 /* MAD3004_TeamMaple */,
				4124ED6C28EA414B00E11E46 /* Products */,
			);
			sourceTree = "<group>";
		};
		4124ED6C28EA414B00E11E46 /* Products */ = {
			isa = PBXGroup;
			children = (
				4124ED6B28EA414B00E11E46 /* MAD3004_TeamMaple */,
			);
			name = Products;
			sourceTree = "<group>";
		};
		4124ED6D28EA414B00E11E46 /* MAD3004_TeamMaple */ = {
			isa = PBXGroup;
			children = (
				99A4D17E28F0C55D00AC5D2D /* Test Files */,
				41C8C23828EA611D00EC0D0A /* Work Space */,
			);
			path = MAD3004_TeamMaple;
			sourceTree = "<group>";
		};
		41C8C23828EA611D00EC0D0A /* Work Space */ = {
			isa = PBXGroup;
			children = (
				41C8C23B28EA616E00EC0D0A /* Part 3 */,
				41C8C23A28EA616900EC0D0A /* Part 2 */,
				41C8C23928EA612A00EC0D0A /* Part 1 */,
			);
			path = "Work Space";
			sourceTree = "<group>";
		};
		41C8C23928EA612A00EC0D0A /* Part 1 */ = {
			isa = PBXGroup;
			children = (
				41C8C23D28EA62D400EC0D0A /* Employee.swift */,
				41C8C24128EA639500EC0D0A /* Tester.swift */,
				41C8C24328EA63A400EC0D0A /* Manager.swift */,
				41C8C24528EA63B000EC0D0A /* Programmer.swift */,
			);
			path = "Part 1";
			sourceTree = "<group>";
		};
		41C8C23A28EA616900EC0D0A /* Part 2 */ = {
			isa = PBXGroup;
			children = (
				41C8C23F28EA62F400EC0D0A /* Vehicle.swift */,
				41C8C24728EA63BA00EC0D0A /* Car.swift */,
				41C8C24928EA63CC00EC0D0A /* Motorcycle.swift */,
			);
			path = "Part 2";
			sourceTree = "<group>";
		};
		41C8C23B28EA616E00EC0D0A /* Part 3 */ = {
			isa = PBXGroup;
			children = (
				41C8C24B28EA63D600EC0D0A /* Temporary.swift */,
				41C8C24D28EA63F400EC0D0A /* Permanent.swift */,
				416D882E28F0AECC006908DD /* Contract.swift */,
			);
			path = "Part 3";
			sourceTree = "<group>";
		};
		99A4D17E28F0C55D00AC5D2D /* Test Files */ = {
			isa = PBXGroup;
			children = (
				99A4D17F28F0C56D00AC5D2D /* main.swift */,
				99A4D18128F0C57D00AC5D2D /* management.swift */,
			);
			path = "Test Files";
			sourceTree = "<group>";
		};
/* End PBXGroup section */

/* Begin PBXNativeTarget section */
		4124ED6A28EA414B00E11E46 /* MAD3004_TeamMaple */ = {
			isa = PBXNativeTarget;
			buildConfigurationList = 4124ED7228EA414B00E11E46 /* Build configuration list for PBXNativeTarget "MAD3004_TeamMaple" */;
			buildPhases = (
				4124ED6728EA414B00E11E46 /* Sources */,
				4124ED6828EA414B00E11E46 /* Frameworks */,
				4124ED6928EA414B00E11E46 /* CopyFiles */,
			);
			buildRules = (
			);
			dependencies = (
			);
			name = MAD3004_TeamMaple;
			productName = MAD3004_TeamMaple;
			productReference = 4124ED6B28EA414B00E11E46 /* MAD3004_TeamMaple */;
			productType = "com.apple.product-type.tool";
		};
/* End PBXNativeTarget section */

/* Begin PBXProject section */
		4124ED6328EA414B00E11E46 /* Project object */ = {
			isa = PBXProject;
			attributes = {
				BuildIndependentTargetsInParallel = 1;
				LastSwiftUpdateCheck = 1400;
				LastUpgradeCheck = 1400;
				TargetAttributes = {
					4124ED6A28EA414B00E11E46 = {
						CreatedOnToolsVersion = 14.0.1;
						LastSwiftMigration = 1400;
					};
				};
			};
			buildConfigurationList = 4124ED6628EA414B00E11E46 /* Build configuration list for PBXProject "MAD3004_TeamMaple" */;
			compatibilityVersion = "Xcode 14.0";
			developmentRegion = en;
			hasScannedForEncodings = 0;
			knownRegions = (
				en,
				Base,
			);
			mainGroup = 4124ED6228EA414B00E11E46;
			productRefGroup = 4124ED6C28EA414B00E11E46 /* Products */;
			projectDirPath = "";
			projectRoot = "";
			targets = (
				4124ED6A28EA414B00E11E46 /* MAD3004_TeamMaple */,
			);
		};
/* End PBXProject section */

/* Begin PBXSourcesBuildPhase section */
		4124ED6728EA414B00E11E46 /* Sources */ = {
			isa = PBXSourcesBuildPhase;
			buildActionMask = 2147483647;
			files = (
				41C8C24228EA639500EC0D0A /* Tester.swift in Sources */,
				99A4D18028F0C56D00AC5D2D /* main.swift in Sources */,
				41C8C24628EA63B000EC0D0A /* Programmer.swift in Sources */,
				99A4D18228F0C57D00AC5D2D /* management.swift in Sources */,
				41C8C24828EA63BA00EC0D0A /* Car.swift in Sources */,
				41C8C24028EA62F400EC0D0A /* Vehicle.swift in Sources */,
				41C8C23E28EA62D400EC0D0A /* Employee.swift in Sources */,
				416D882F28F0AECC006908DD /* Contract.swift in Sources */,
				41C8C24C28EA63D600EC0D0A /* Temporary.swift in Sources */,
				41C8C24428EA63A400EC0D0A /* Manager.swift in Sources */,
				41C8C24A28EA63CC00EC0D0A /* Motorcycle.swift in Sources */,
				41C8C24E28EA63F400EC0D0A /* Permanent.swift in Sources */,
			);
			runOnlyForDeploymentPostprocessing = 0;
		};
/* End PBXSourcesBuildPhase section */

/* Begin XCBuildConfiguration section */
		4124ED7028EA414B00E11E46 /* Debug */ = {
			isa = XCBuildConfiguration;
			buildSettings = {
				ALWAYS_SEARCH_USER_PATHS = NO;
				CLANG_ANALYZER_NONNULL = YES;
				CLANG_ANALYZER_NUMBER_OBJECT_CONVERSION = YES_AGGRESSIVE;
				CLANG_CXX_LANGUAGE_STANDARD = "gnu++20";
				CLANG_ENABLE_MODULES = YES;
				CLANG_ENABLE_OBJC_ARC = YES;
				CLANG_ENABLE_OBJC_WEAK = YES;
				CLANG_WARN_BLOCK_CAPTURE_AUTORELEASING = YES;
				CLANG_WARN_BOOL_CONVERSION = YES;
				CLANG_WARN_COMMA = YES;
				CLANG_WARN_CONSTANT_CONVERSION = YES;
				CLANG_WARN_DEPRECATED_OBJC_IMPLEMENTATIONS = YES;
				CLANG_WARN_DIRECT_OBJC_ISA_USAGE = YES_ERROR;
				CLANG_WARN_DOCUMENTATION_COMMENTS = YES;
				CLANG_WARN_EMPTY_BODY = YES;
				CLANG_WARN_ENUM_CONVERSION = YES;
				CLANG_WARN_INFINITE_RECURSION = YES;
				CLANG_WARN_INT_CONVERSION = YES;
				CLANG_WARN_NON_LITERAL_NULL_CONVERSION = YES;
				CLANG_WARN_OBJC_IMPLICIT_RETAIN_SELF = YES;
				CLANG_WARN_OBJC_LITERAL_CONVERSION = YES;
				CLANG_WARN_OBJC_ROOT_CLASS = YES_ERROR;
				CLANG_WARN_QUOTED_INCLUDE_IN_FRAMEWORK_HEADER = YES;
				CLANG_WARN_RANGE_LOOP_ANALYSIS = YES;
				CLANG_WARN_STRICT_PROTOTYPES = YES;
				CLANG_WARN_SUSPICIOUS_MOVE = YES;
				CLANG_WARN_UNGUARDED_AVAILABILITY = YES_AGGRESSIVE;
				CLANG_WARN_UNREACHABLE_CODE = YES;
				CLANG_WARN__DUPLICATE_METHOD_MATCH = YES;
				COPY_PHASE_STRIP = NO;
				DEBUG_INFORMATION_FORMAT = dwarf;
				ENABLE_STRICT_OBJC_MSGSEND = YES;
				ENABLE_TESTABILITY = YES;
				GCC_C_LANGUAGE_STANDARD = gnu11;
				GCC_DYNAMIC_NO_PIC = NO;
				GCC_NO_COMMON_BLOCKS = YES;
				GCC_OPTIMIZATION_LEVEL = 0;
				GCC_PREPROCESSOR_DEFINITIONS = (
					"DEBUG=1",
					"$(inherited)",
				);
				GCC_WARN_64_TO_32_BIT_CONVERSION = YES;
				GCC_WARN_ABOUT_RETURN_TYPE = YES_ERROR;
				GCC_WARN_UNDECLARED_SELECTOR = YES;
				GCC_WARN_UNINITIALIZED_AUTOS = YES_AGGRESSIVE;
				GCC_WARN_UNUSED_FUNCTION = YES;
				GCC_WARN_UNUSED_VARIABLE = YES;
				MACOSX_DEPLOYMENT_TARGET = 12.3;
				MTL_ENABLE_DEBUG_INFO = INCLUDE_SOURCE;
				MTL_FAST_MATH = YES;
				ONLY_ACTIVE_ARCH = YES;
				SDKROOT = macosx;
				SWIFT_ACTIVE_COMPILATION_CONDITIONS = DEBUG;
				SWIFT_OPTIMIZATION_LEVEL = "-Onone";
			};
			name = Debug;
		};
		4124ED7128EA414B00E11E46 /* Release */ = {
			isa = XCBuildConfiguration;
			buildSettings = {
				ALWAYS_SEARCH_USER_PATHS = NO;
				CLANG_ANALYZER_NONNULL = YES;
				CLANG_ANALYZER_NUMBER_OBJECT_CONVERSION = YES_AGGRESSIVE;
				CLANG_CXX_LANGUAGE_STANDARD = "gnu++20";
				CLANG_ENABLE_MODULES = YES;
				CLANG_ENABLE_OBJC_ARC = YES;
				CLANG_ENABLE_OBJC_WEAK = YES;
				CLANG_WARN_BLOCK_CAPTURE_AUTORELEASING = YES;
				CLANG_WARN_BOOL_CONVERSION = YES;
				CLANG_WARN_COMMA = YES;
				CLANG_WARN_CONSTANT_CONVERSION = YES;
				CLANG_WARN_DEPRECATED_OBJC_IMPLEMENTATIONS = YES;
				CLANG_WARN_DIRECT_OBJC_ISA_USAGE = YES_ERROR;
				CLANG_WARN_DOCUMENTATION_COMMENTS = YES;
				CLANG_WARN_EMPTY_BODY = YES;
				CLANG_WARN_ENUM_CONVERSION = YES;
				CLANG_WARN_INFINITE_RECURSION = YES;
				CLANG_WARN_INT_CONVERSION = YES;
				CLANG_WARN_NON_LITERAL_NULL_CONVERSION = YES;
				CLANG_WARN_OBJC_IMPLICIT_RETAIN_SELF = YES;
				CLANG_WARN_OBJC_LITERAL_CONVERSION = YES;
				CLANG_WARN_OBJC_ROOT_CLASS = YES_ERROR;
				CLANG_WARN_QUOTED_INCLUDE_IN_FRAMEWORK_HEADER = YES;
				CLANG_WARN_RANGE_LOOP_ANALYSIS = YES;
				CLANG_WARN_STRICT_PROTOTYPES = YES;
				CLANG_WARN_SUSPICIOUS_MOVE = YES;
				CLANG_WARN_UNGUARDED_AVAILABILITY = YES_AGGRESSIVE;
				CLANG_WARN_UNREACHABLE_CODE = YES;
				CLANG_WARN__DUPLICATE_METHOD_MATCH = YES;
				COPY_PHASE_STRIP = NO;
				DEBUG_INFORMATION_FORMAT = "dwarf-with-dsym";
				ENABLE_NS_ASSERTIONS = NO;
				ENABLE_STRICT_OBJC_MSGSEND = YES;
				GCC_C_LANGUAGE_STANDARD = gnu11;
				GCC_NO_COMMON_BLOCKS = YES;
				GCC_WARN_64_TO_32_BIT_CONVERSION = YES;
				GCC_WARN_ABOUT_RETURN_TYPE = YES_ERROR;
				GCC_WARN_UNDECLARED_SELECTOR = YES;
				GCC_WARN_UNINITIALIZED_AUTOS = YES_AGGRESSIVE;
				GCC_WARN_UNUSED_FUNCTION = YES;
				GCC_WARN_UNUSED_VARIABLE = YES;
				MACOSX_DEPLOYMENT_TARGET = 12.3;
				MTL_ENABLE_DEBUG_INFO = NO;
				MTL_FAST_MATH = YES;
				SDKROOT = macosx;
				SWIFT_COMPILATION_MODE = wholemodule;
				SWIFT_OPTIMIZATION_LEVEL = "-O";
			};
			name = Release;
		};
		4124ED7328EA414B00E11E46 /* Debug */ = {
			isa = XCBuildConfiguration;
			buildSettings = {
				CLANG_ENABLE_MODULES = YES;
				CODE_SIGN_STYLE = Manual;
				DEVELOPMENT_TEAM = "";
				ENABLE_HARDENED_RUNTIME = YES;
				LD_RUNPATH_SEARCH_PATHS = (
					"$(inherited)",
					"@executable_path/../Frameworks",
					"@loader_path/../Frameworks",
				);
				PRODUCT_NAME = "$(TARGET_NAME)";
				PROVISIONING_PROFILE_SPECIFIER = "";
				SWIFT_OPTIMIZATION_LEVEL = "-Onone";
				SWIFT_VERSION = 5.0;
			};
			name = Debug;
		};
		4124ED7428EA414B00E11E46 /* Release */ = {
			isa = XCBuildConfiguration;
			buildSettings = {
				CLANG_ENABLE_MODULES = YES;
				CODE_SIGN_STYLE = Manual;
				DEVELOPMENT_TEAM = "";
				ENABLE_HARDENED_RUNTIME = YES;
				LD_RUNPATH_SEARCH_PATHS = (
					"$(inherited)",
					"@executable_path/../Frameworks",
					"@loader_path/../Frameworks",
				);
				PRODUCT_NAME = "$(TARGET_NAME)";
				PROVISIONING_PROFILE_SPECIFIER = "";
				SWIFT_VERSION = 5.0;
			};
			name = Release;
		};
/* End XCBuildConfiguration section */

/* Begin XCConfigurationList section */
		4124ED6628EA414B00E11E46 /* Build configuration list for PBXProject "MAD3004_TeamMaple" */ = {
			isa = XCConfigurationList;
			buildConfigurations = (
				4124ED7028EA414B00E11E46 /* Debug */,
				4124ED7128EA414B00E11E46 /* Release */,
			);
			defaultConfigurationIsVisible = 0;
			defaultConfigurationName = Release;
		};
		4124ED7228EA414B00E11E46 /* Build configuration list for PBXNativeTarget "MAD3004_TeamMaple" */ = {
			isa = XCConfigurationList;
			buildConfigurations = (
				4124ED7328EA414B00E11E46 /* Debug */,
				4124ED7428EA414B00E11E46 /* Release */,
			);
			defaultConfigurationIsVisible = 0;
			defaultConfigurationName = Release;
		};
/* End XCConfigurationList section */
	};
	rootObject = 4124ED6328EA414B00E11E46 /* Project object */;
}
